// !$*UTF8*$!
{
	archiveVersion = 1;
	classes = {
	};
	objectVersion = 46;
	objects = {

/* Begin PBXBuildFile section */
		13086D491E28D9B60006A6DC /* MoneyBoxHistoryTableViewController.m in Sources */ = {isa = PBXBuildFile; fileRef = 13086D481E28D9B60006A6DC /* MoneyBoxHistoryTableViewController.m */; };
		13086D4D1E28FD840006A6DC /* MoneyBoxHistoryTableViewCell.m in Sources */ = {isa = PBXBuildFile; fileRef = 13086D4C1E28FD840006A6DC /* MoneyBoxHistoryTableViewCell.m */; };
		130E613F1E1E757A00F333B4 /* SettingsDayBalanceTableViewController.m in Sources */ = {isa = PBXBuildFile; fileRef = 130E613E1E1E757A00F333B4 /* SettingsDayBalanceTableViewController.m */; };
		130E61421E1E759B00F333B4 /* SettingsMonthBalanceTableViewController.m in Sources */ = {isa = PBXBuildFile; fileRef = 130E61411E1E759B00F333B4 /* SettingsMonthBalanceTableViewController.m */; };
		130E61451E1E75F800F333B4 /* ResolutionTableViewController.m in Sources */ = {isa = PBXBuildFile; fileRef = 130E61441E1E75F800F333B4 /* ResolutionTableViewController.m */; };
		137964B51E093DA10042BF27 /* Manager.m in Sources */ = {isa = PBXBuildFile; fileRef = 137964B41E093DA10042BF27 /* Manager.m */; };
		137964BB1E095A4B0042BF27 /* CalculationViewController.m in Sources */ = {isa = PBXBuildFile; fileRef = 137964BA1E095A4B0042BF27 /* CalculationViewController.m */; };
		13C35BAF1E0C0A5E00DD497B /* SettingsMainScreenTableViewCell.m in Sources */ = {isa = PBXBuildFile; fileRef = 13C35BAE1E0C0A5E00DD497B /* SettingsMainScreenTableViewCell.m */; };
		13C35BB21E0C189100DD497B /* MainScreenTableViewCell.m in Sources */ = {isa = PBXBuildFile; fileRef = 13C35BB11E0C189100DD497B /* MainScreenTableViewCell.m */; };
		13FE06A51E25150200E9C313 /* FirstViewController.m in Sources */ = {isa = PBXBuildFile; fileRef = 13FE06A41E25150200E9C313 /* FirstViewController.m */; };
		13FE06A81E25154D00E9C313 /* NavigationViewController.m in Sources */ = {isa = PBXBuildFile; fileRef = 13FE06A71E25154D00E9C313 /* NavigationViewController.m */; };
		4499179E1DFAFAF90099800E /* MainScreenHeaderView.m in Sources */ = {isa = PBXBuildFile; fileRef = 4499179D1DFAFAF90099800E /* MainScreenHeaderView.m */; };
		449917A01DFAFB800099800E /* MainScreenHeaderXib.xib in Resources */ = {isa = PBXBuildFile; fileRef = 4499179F1DFAFB800099800E /* MainScreenHeaderXib.xib */; };
		44C0D9111DFAB6C300E3D413 /* main.m in Sources */ = {isa = PBXBuildFile; fileRef = 44C0D9101DFAB6C300E3D413 /* main.m */; };
		44C0D9141DFAB6C300E3D413 /* AppDelegate.m in Sources */ = {isa = PBXBuildFile; fileRef = 44C0D9131DFAB6C300E3D413 /* AppDelegate.m */; };
		44C0D91A1DFAB6C300E3D413 /* Main.storyboard in Resources */ = {isa = PBXBuildFile; fileRef = 44C0D9181DFAB6C300E3D413 /* Main.storyboard */; };
		44C0D91C1DFAB6C300E3D413 /* Assets.xcassets in Resources */ = {isa = PBXBuildFile; fileRef = 44C0D91B1DFAB6C300E3D413 /* Assets.xcassets */; };
		44C0D91F1DFAB6C300E3D413 /* LaunchScreen.storyboard in Resources */ = {isa = PBXBuildFile; fileRef = 44C0D91D1DFAB6C300E3D413 /* LaunchScreen.storyboard */; };
		44C921311E0149FA00F3D004 /* MainScreenTableViewController.m in Sources */ = {isa = PBXBuildFile; fileRef = 44C921301E0149FA00F3D004 /* MainScreenTableViewController.m */; };
		44C921341E014B2300F3D004 /* SettingsMainScreenTableViewController.m in Sources */ = {isa = PBXBuildFile; fileRef = 44C921331E014B2300F3D004 /* SettingsMainScreenTableViewController.m */; };
		44C9213C1E01648800F3D004 /* DayEndViewController.m in Sources */ = {isa = PBXBuildFile; fileRef = 44C9213B1E01648800F3D004 /* DayEndViewController.m */; };
		44C9213F1E0164AC00F3D004 /* MonthEndViewController.m in Sources */ = {isa = PBXBuildFile; fileRef = 44C9213E1E0164AC00F3D004 /* MonthEndViewController.m */; };
		44C921421E0164DB00F3D004 /* NegativeBalanceViewController.m in Sources */ = {isa = PBXBuildFile; fileRef = 44C921411E0164DB00F3D004 /* NegativeBalanceViewController.m */; };
		44C921451E0170B300F3D004 /* MonthDebitViewController.m in Sources */ = {isa = PBXBuildFile; fileRef = 44C921441E0170B300F3D004 /* MonthDebitViewController.m */; };
		44E28D7B1DFEB7A80033514F /* SettingsMainScreenHeaderView.m in Sources */ = {isa = PBXBuildFile; fileRef = 44E28D7A1DFEB7A80033514F /* SettingsMainScreenHeaderView.m */; };
		44E28D7D1DFEB7B10033514F /* SettingsMainScreenHeader.xib in Resources */ = {isa = PBXBuildFile; fileRef = 44E28D7C1DFEB7B10033514F /* SettingsMainScreenHeader.xib */; };
		59C8503892ABBFE2CF934543 /* libPods-Pequlium.a in Frameworks */ = {isa = PBXBuildFile; fileRef = 426B8E129D5FAF837F623C84 /* libPods-Pequlium.a */; };
/* End PBXBuildFile section */

/* Begin PBXFileReference section */
		13086D471E28D9B60006A6DC /* MoneyBoxHistoryTableViewController.h */ = {isa = PBXFileReference; fileEncoding = 4; lastKnownFileType = sourcecode.c.h; path = MoneyBoxHistoryTableViewController.h; sourceTree = "<group>"; };
		13086D481E28D9B60006A6DC /* MoneyBoxHistoryTableViewController.m */ = {isa = PBXFileReference; fileEncoding = 4; lastKnownFileType = sourcecode.c.objc; path = MoneyBoxHistoryTableViewController.m; sourceTree = "<group>"; };
		13086D4B1E28FD840006A6DC /* MoneyBoxHistoryTableViewCell.h */ = {isa = PBXFileReference; fileEncoding = 4; lastKnownFileType = sourcecode.c.h; path = MoneyBoxHistoryTableViewCell.h; sourceTree = "<group>"; };
		13086D4C1E28FD840006A6DC /* MoneyBoxHistoryTableViewCell.m */ = {isa = PBXFileReference; fileEncoding = 4; lastKnownFileType = sourcecode.c.objc; path = MoneyBoxHistoryTableViewCell.m; sourceTree = "<group>"; };
		130E613D1E1E757A00F333B4 /* SettingsDayBalanceTableViewController.h */ = {isa = PBXFileReference; fileEncoding = 4; lastKnownFileType = sourcecode.c.h; path = SettingsDayBalanceTableViewController.h; sourceTree = "<group>"; };
		130E613E1E1E757A00F333B4 /* SettingsDayBalanceTableViewController.m */ = {isa = PBXFileReference; fileEncoding = 4; lastKnownFileType = sourcecode.c.objc; path = SettingsDayBalanceTableViewController.m; sourceTree = "<group>"; };
		130E61401E1E759B00F333B4 /* SettingsMonthBalanceTableViewController.h */ = {isa = PBXFileReference; fileEncoding = 4; lastKnownFileType = sourcecode.c.h; path = SettingsMonthBalanceTableViewController.h; sourceTree = "<group>"; };
		130E61411E1E759B00F333B4 /* SettingsMonthBalanceTableViewController.m */ = {isa = PBXFileReference; fileEncoding = 4; lastKnownFileType = sourcecode.c.objc; path = SettingsMonthBalanceTableViewController.m; sourceTree = "<group>"; };
		130E61431E1E75F800F333B4 /* ResolutionTableViewController.h */ = {isa = PBXFileReference; fileEncoding = 4; lastKnownFileType = sourcecode.c.h; path = ResolutionTableViewController.h; sourceTree = "<group>"; };
		130E61441E1E75F800F333B4 /* ResolutionTableViewController.m */ = {isa = PBXFileReference; fileEncoding = 4; lastKnownFileType = sourcecode.c.objc; path = ResolutionTableViewController.m; sourceTree = "<group>"; };
		137964B31E093DA10042BF27 /* Manager.h */ = {isa = PBXFileReference; fileEncoding = 4; lastKnownFileType = sourcecode.c.h; path = Manager.h; sourceTree = "<group>"; };
		137964B41E093DA10042BF27 /* Manager.m */ = {isa = PBXFileReference; fileEncoding = 4; lastKnownFileType = sourcecode.c.objc; path = Manager.m; sourceTree = "<group>"; };
		137964B91E095A4B0042BF27 /* CalculationViewController.h */ = {isa = PBXFileReference; fileEncoding = 4; lastKnownFileType = sourcecode.c.h; path = CalculationViewController.h; sourceTree = "<group>"; };
		137964BA1E095A4B0042BF27 /* CalculationViewController.m */ = {isa = PBXFileReference; fileEncoding = 4; lastKnownFileType = sourcecode.c.objc; path = CalculationViewController.m; sourceTree = "<group>"; };
		13C35BAD1E0C0A5E00DD497B /* SettingsMainScreenTableViewCell.h */ = {isa = PBXFileReference; fileEncoding = 4; lastKnownFileType = sourcecode.c.h; path = SettingsMainScreenTableViewCell.h; sourceTree = "<group>"; };
		13C35BAE1E0C0A5E00DD497B /* SettingsMainScreenTableViewCell.m */ = {isa = PBXFileReference; fileEncoding = 4; lastKnownFileType = sourcecode.c.objc; path = SettingsMainScreenTableViewCell.m; sourceTree = "<group>"; };
		13C35BB01E0C189100DD497B /* MainScreenTableViewCell.h */ = {isa = PBXFileReference; fileEncoding = 4; lastKnownFileType = sourcecode.c.h; path = MainScreenTableViewCell.h; sourceTree = "<group>"; };
		13C35BB11E0C189100DD497B /* MainScreenTableViewCell.m */ = {isa = PBXFileReference; fileEncoding = 4; lastKnownFileType = sourcecode.c.objc; path = MainScreenTableViewCell.m; sourceTree = "<group>"; };
		13FE06A31E25150200E9C313 /* FirstViewController.h */ = {isa = PBXFileReference; fileEncoding = 4; lastKnownFileType = sourcecode.c.h; path = FirstViewController.h; sourceTree = "<group>"; };
		13FE06A41E25150200E9C313 /* FirstViewController.m */ = {isa = PBXFileReference; fileEncoding = 4; lastKnownFileType = sourcecode.c.objc; path = FirstViewController.m; sourceTree = "<group>"; };
		13FE06A61E25154D00E9C313 /* NavigationViewController.h */ = {isa = PBXFileReference; fileEncoding = 4; lastKnownFileType = sourcecode.c.h; path = NavigationViewController.h; sourceTree = "<group>"; };
		13FE06A71E25154D00E9C313 /* NavigationViewController.m */ = {isa = PBXFileReference; fileEncoding = 4; lastKnownFileType = sourcecode.c.objc; path = NavigationViewController.m; sourceTree = "<group>"; };
		1ECEE08ADD40ADA3010F9681 /* Pods-Pequlium.debug.xcconfig */ = {isa = PBXFileReference; includeInIndex = 1; lastKnownFileType = text.xcconfig; name = "Pods-Pequlium.debug.xcconfig"; path = "Pods/Target Support Files/Pods-Pequlium/Pods-Pequlium.debug.xcconfig"; sourceTree = "<group>"; };
		426B8E129D5FAF837F623C84 /* libPods-Pequlium.a */ = {isa = PBXFileReference; explicitFileType = archive.ar; includeInIndex = 0; path = "libPods-Pequlium.a"; sourceTree = BUILT_PRODUCTS_DIR; };
		4499179C1DFAFAF90099800E /* MainScreenHeaderView.h */ = {isa = PBXFileReference; fileEncoding = 4; lastKnownFileType = sourcecode.c.h; path = MainScreenHeaderView.h; sourceTree = "<group>"; };
		4499179D1DFAFAF90099800E /* MainScreenHeaderView.m */ = {isa = PBXFileReference; fileEncoding = 4; lastKnownFileType = sourcecode.c.objc; path = MainScreenHeaderView.m; sourceTree = "<group>"; };
		4499179F1DFAFB800099800E /* MainScreenHeaderXib.xib */ = {isa = PBXFileReference; fileEncoding = 4; lastKnownFileType = file.xib; path = MainScreenHeaderXib.xib; sourceTree = "<group>"; };
		44C0D90C1DFAB6C300E3D413 /* Pequlium.app */ = {isa = PBXFileReference; explicitFileType = wrapper.application; includeInIndex = 0; path = Pequlium.app; sourceTree = BUILT_PRODUCTS_DIR; };
		44C0D9101DFAB6C300E3D413 /* main.m */ = {isa = PBXFileReference; lastKnownFileType = sourcecode.c.objc; path = main.m; sourceTree = "<group>"; };
		44C0D9121DFAB6C300E3D413 /* AppDelegate.h */ = {isa = PBXFileReference; lastKnownFileType = sourcecode.c.h; path = AppDelegate.h; sourceTree = "<group>"; };
		44C0D9131DFAB6C300E3D413 /* AppDelegate.m */ = {isa = PBXFileReference; lastKnownFileType = sourcecode.c.objc; path = AppDelegate.m; sourceTree = "<group>"; };
		44C0D9191DFAB6C300E3D413 /* Base */ = {isa = PBXFileReference; lastKnownFileType = file.storyboard; name = Base; path = Base.lproj/Main.storyboard; sourceTree = "<group>"; };
		44C0D91B1DFAB6C300E3D413 /* Assets.xcassets */ = {isa = PBXFileReference; lastKnownFileType = folder.assetcatalog; path = Assets.xcassets; sourceTree = "<group>"; };
		44C0D91E1DFAB6C300E3D413 /* Base */ = {isa = PBXFileReference; lastKnownFileType = file.storyboard; name = Base; path = Base.lproj/LaunchScreen.storyboard; sourceTree = "<group>"; };
		44C0D9201DFAB6C300E3D413 /* Info.plist */ = {isa = PBXFileReference; lastKnownFileType = text.plist.xml; path = Info.plist; sourceTree = "<group>"; };
		44C9212F1E0149FA00F3D004 /* MainScreenTableViewController.h */ = {isa = PBXFileReference; fileEncoding = 4; lastKnownFileType = sourcecode.c.h; path = MainScreenTableViewController.h; sourceTree = "<group>"; };
		44C921301E0149FA00F3D004 /* MainScreenTableViewController.m */ = {isa = PBXFileReference; fileEncoding = 4; lastKnownFileType = sourcecode.c.objc; path = MainScreenTableViewController.m; sourceTree = "<group>"; };
		44C921321E014B2300F3D004 /* SettingsMainScreenTableViewController.h */ = {isa = PBXFileReference; fileEncoding = 4; lastKnownFileType = sourcecode.c.h; path = SettingsMainScreenTableViewController.h; sourceTree = "<group>"; };
		44C921331E014B2300F3D004 /* SettingsMainScreenTableViewController.m */ = {isa = PBXFileReference; fileEncoding = 4; lastKnownFileType = sourcecode.c.objc; path = SettingsMainScreenTableViewController.m; sourceTree = "<group>"; };
		44C9213A1E01648800F3D004 /* DayEndViewController.h */ = {isa = PBXFileReference; fileEncoding = 4; lastKnownFileType = sourcecode.c.h; path = DayEndViewController.h; sourceTree = "<group>"; };
		44C9213B1E01648800F3D004 /* DayEndViewController.m */ = {isa = PBXFileReference; fileEncoding = 4; lastKnownFileType = sourcecode.c.objc; path = DayEndViewController.m; sourceTree = "<group>"; };
		44C9213D1E0164AC00F3D004 /* MonthEndViewController.h */ = {isa = PBXFileReference; fileEncoding = 4; lastKnownFileType = sourcecode.c.h; path = MonthEndViewController.h; sourceTree = "<group>"; };
		44C9213E1E0164AC00F3D004 /* MonthEndViewController.m */ = {isa = PBXFileReference; fileEncoding = 4; lastKnownFileType = sourcecode.c.objc; path = MonthEndViewController.m; sourceTree = "<group>"; };
		44C921401E0164DB00F3D004 /* NegativeBalanceViewController.h */ = {isa = PBXFileReference; fileEncoding = 4; lastKnownFileType = sourcecode.c.h; path = NegativeBalanceViewController.h; sourceTree = "<group>"; };
		44C921411E0164DB00F3D004 /* NegativeBalanceViewController.m */ = {isa = PBXFileReference; fileEncoding = 4; lastKnownFileType = sourcecode.c.objc; path = NegativeBalanceViewController.m; sourceTree = "<group>"; };
		44C921431E0170B300F3D004 /* MonthDebitViewController.h */ = {isa = PBXFileReference; fileEncoding = 4; lastKnownFileType = sourcecode.c.h; path = MonthDebitViewController.h; sourceTree = "<group>"; };
		44C921441E0170B300F3D004 /* MonthDebitViewController.m */ = {isa = PBXFileReference; fileEncoding = 4; lastKnownFileType = sourcecode.c.objc; path = MonthDebitViewController.m; sourceTree = "<group>"; };
		44E28D791DFEB7A80033514F /* SettingsMainScreenHeaderView.h */ = {isa = PBXFileReference; fileEncoding = 4; lastKnownFileType = sourcecode.c.h; path = SettingsMainScreenHeaderView.h; sourceTree = "<group>"; };
		44E28D7A1DFEB7A80033514F /* SettingsMainScreenHeaderView.m */ = {isa = PBXFileReference; fileEncoding = 4; lastKnownFileType = sourcecode.c.objc; path = SettingsMainScreenHeaderView.m; sourceTree = "<group>"; };
		44E28D7C1DFEB7B10033514F /* SettingsMainScreenHeader.xib */ = {isa = PBXFileReference; fileEncoding = 4; lastKnownFileType = file.xib; path = SettingsMainScreenHeader.xib; sourceTree = "<group>"; };
		E4A495592FC6E427F574DC8C /* Pods-Pequlium.release.xcconfig */ = {isa = PBXFileReference; includeInIndex = 1; lastKnownFileType = text.xcconfig; name = "Pods-Pequlium.release.xcconfig"; path = "Pods/Target Support Files/Pods-Pequlium/Pods-Pequlium.release.xcconfig"; sourceTree = "<group>"; };
/* End PBXFileReference section */

/* Begin PBXFrameworksBuildPhase section */
		44C0D9091DFAB6C300E3D413 /* Frameworks */ = {
			isa = PBXFrameworksBuildPhase;
			buildActionMask = 2147483647;
			files = (
				59C8503892ABBFE2CF934543 /* libPods-Pequlium.a in Frameworks */,
			);
			runOnlyForDeploymentPostprocessing = 0;
		};
/* End PBXFrameworksBuildPhase section */

/* Begin PBXGroup section */
		449917981DFAFA7C0099800E /* Model */ = {
			isa = PBXGroup;
			children = (
				44C0D9121DFAB6C300E3D413 /* AppDelegate.h */,
				44C0D9131DFAB6C300E3D413 /* AppDelegate.m */,
				137964B31E093DA10042BF27 /* Manager.h */,
				137964B41E093DA10042BF27 /* Manager.m */,
			);
			name = Model;
			sourceTree = "<group>";
		};
		449917991DFAFA7E0099800E /* View */ = {
			isa = PBXGroup;
			children = (
				4499179F1DFAFB800099800E /* MainScreenHeaderXib.xib */,
				4499179C1DFAFAF90099800E /* MainScreenHeaderView.h */,
				4499179D1DFAFAF90099800E /* MainScreenHeaderView.m */,
				13C35BB01E0C189100DD497B /* MainScreenTableViewCell.h */,
				13C35BB11E0C189100DD497B /* MainScreenTableViewCell.m */,
				44E28D7C1DFEB7B10033514F /* SettingsMainScreenHeader.xib */,
				44E28D791DFEB7A80033514F /* SettingsMainScreenHeaderView.h */,
				44E28D7A1DFEB7A80033514F /* SettingsMainScreenHeaderView.m */,
				13C35BAD1E0C0A5E00DD497B /* SettingsMainScreenTableViewCell.h */,
				13C35BAE1E0C0A5E00DD497B /* SettingsMainScreenTableViewCell.m */,
				13086D4B1E28FD840006A6DC /* MoneyBoxHistoryTableViewCell.h */,
				13086D4C1E28FD840006A6DC /* MoneyBoxHistoryTableViewCell.m */,
				44C0D9181DFAB6C300E3D413 /* Main.storyboard */,
				44C0D91D1DFAB6C300E3D413 /* LaunchScreen.storyboard */,
			);
			name = View;
			sourceTree = "<group>";
		};
		4499179A1DFAFA800099800E /* Controller */ = {
			isa = PBXGroup;
			children = (
				13FE06A61E25154D00E9C313 /* NavigationViewController.h */,
				13FE06A71E25154D00E9C313 /* NavigationViewController.m */,
				13FE06A31E25150200E9C313 /* FirstViewController.h */,
				13FE06A41E25150200E9C313 /* FirstViewController.m */,
				44C921431E0170B300F3D004 /* MonthDebitViewController.h */,
				44C921441E0170B300F3D004 /* MonthDebitViewController.m */,
				137964B91E095A4B0042BF27 /* CalculationViewController.h */,
				137964BA1E095A4B0042BF27 /* CalculationViewController.m */,
				44C9212F1E0149FA00F3D004 /* MainScreenTableViewController.h */,
				44C921301E0149FA00F3D004 /* MainScreenTableViewController.m */,
				44C9213A1E01648800F3D004 /* DayEndViewController.h */,
				44C9213B1E01648800F3D004 /* DayEndViewController.m */,
				44C9213D1E0164AC00F3D004 /* MonthEndViewController.h */,
				44C9213E1E0164AC00F3D004 /* MonthEndViewController.m */,
				44C921401E0164DB00F3D004 /* NegativeBalanceViewController.h */,
				44C921411E0164DB00F3D004 /* NegativeBalanceViewController.m */,
				44C921321E014B2300F3D004 /* SettingsMainScreenTableViewController.h */,
				44C921331E014B2300F3D004 /* SettingsMainScreenTableViewController.m */,
				13086D471E28D9B60006A6DC /* MoneyBoxHistoryTableViewController.h */,
				13086D481E28D9B60006A6DC /* MoneyBoxHistoryTableViewController.m */,
				130E613D1E1E757A00F333B4 /* SettingsDayBalanceTableViewController.h */,
				130E613E1E1E757A00F333B4 /* SettingsDayBalanceTableViewController.m */,
				130E61401E1E759B00F333B4 /* SettingsMonthBalanceTableViewController.h */,
				130E61411E1E759B00F333B4 /* SettingsMonthBalanceTableViewController.m */,
				130E61431E1E75F800F333B4 /* ResolutionTableViewController.h */,
				130E61441E1E75F800F333B4 /* ResolutionTableViewController.m */,
			);
			name = Controller;
			sourceTree = "<group>";
		};
		4499179B1DFAFA930099800E /* Categories */ = {
			isa = PBXGroup;
			children = (
			);
			name = Categories;
			sourceTree = "<group>";
		};
		44C0D9031DFAB6C300E3D413 = {
			isa = PBXGroup;
			children = (
				44C0D90E1DFAB6C300E3D413 /* Pequlium */,
				44C0D90D1DFAB6C300E3D413 /* Products */,
				6FFC07B72A5538747C7CAB0C /* Pods */,
				D54193F36A9CF6BBB0A9EC3A /* Frameworks */,
			);
			sourceTree = "<group>";
		};
		44C0D90D1DFAB6C300E3D413 /* Products */ = {
			isa = PBXGroup;
			children = (
				44C0D90C1DFAB6C300E3D413 /* Pequlium.app */,
			);
			name = Products;
			sourceTree = "<group>";
		};
		44C0D90E1DFAB6C300E3D413 /* Pequlium */ = {
			isa = PBXGroup;
			children = (
				4499179B1DFAFA930099800E /* Categories */,
				449917981DFAFA7C0099800E /* Model */,
				449917991DFAFA7E0099800E /* View */,
				4499179A1DFAFA800099800E /* Controller */,
				44C0D91B1DFAB6C300E3D413 /* Assets.xcassets */,
				44C0D9201DFAB6C300E3D413 /* Info.plist */,
				44C0D90F1DFAB6C300E3D413 /* Supporting Files */,
			);
			path = Pequlium;
			sourceTree = "<group>";
		};
		44C0D90F1DFAB6C300E3D413 /* Supporting Files */ = {
			isa = PBXGroup;
			children = (
				44C0D9101DFAB6C300E3D413 /* main.m */,
			);
			name = "Supporting Files";
			sourceTree = "<group>";
		};
		6FFC07B72A5538747C7CAB0C /* Pods */ = {
			isa = PBXGroup;
			children = (
				1ECEE08ADD40ADA3010F9681 /* Pods-Pequlium.debug.xcconfig */,
				E4A495592FC6E427F574DC8C /* Pods-Pequlium.release.xcconfig */,
			);
			name = Pods;
			sourceTree = "<group>";
		};
		D54193F36A9CF6BBB0A9EC3A /* Frameworks */ = {
			isa = PBXGroup;
			children = (
				426B8E129D5FAF837F623C84 /* libPods-Pequlium.a */,
			);
			name = Frameworks;
			sourceTree = "<group>";
		};
/* End PBXGroup section */

/* Begin PBXNativeTarget section */
		44C0D90B1DFAB6C300E3D413 /* Pequlium */ = {
			isa = PBXNativeTarget;
			buildConfigurationList = 44C0D9231DFAB6C300E3D413 /* Build configuration list for PBXNativeTarget "Pequlium" */;
			buildPhases = (
				075E1B81EC631996F7816A4F /* [CP] Check Pods Manifest.lock */,
				44C0D9081DFAB6C300E3D413 /* Sources */,
				44C0D9091DFAB6C300E3D413 /* Frameworks */,
				44C0D90A1DFAB6C300E3D413 /* Resources */,
				612939E7DDE050B3067E56DE /* [CP] Embed Pods Frameworks */,
				2BFD159B8C97AD7B59E9A4CD /* [CP] Copy Pods Resources */,
			);
			buildRules = (
			);
			dependencies = (
			);
			name = Pequlium;
			productName = Pequlium;
			productReference = 44C0D90C1DFAB6C300E3D413 /* Pequlium.app */;
			productType = "com.apple.product-type.application";
		};
/* End PBXNativeTarget section */

/* Begin PBXProject section */
		44C0D9041DFAB6C300E3D413 /* Project object */ = {
			isa = PBXProject;
			attributes = {
				LastUpgradeCheck = 0810;
				ORGANIZATIONNAME = "Kyrylo Matvieiev";
				TargetAttributes = {
					44C0D90B1DFAB6C300E3D413 = {
						CreatedOnToolsVersion = 8.1;
						ProvisioningStyle = Automatic;
					};
				};
			};
			buildConfigurationList = 44C0D9071DFAB6C300E3D413 /* Build configuration list for PBXProject "Pequlium" */;
			compatibilityVersion = "Xcode 3.2";
			developmentRegion = English;
			hasScannedForEncodings = 0;
			knownRegions = (
				en,
				Base,
			);
			mainGroup = 44C0D9031DFAB6C300E3D413;
			productRefGroup = 44C0D90D1DFAB6C300E3D413 /* Products */;
			projectDirPath = "";
			projectRoot = "";
			targets = (
				44C0D90B1DFAB6C300E3D413 /* Pequlium */,
			);
		};
/* End PBXProject section */

/* Begin PBXResourcesBuildPhase section */
		44C0D90A1DFAB6C300E3D413 /* Resources */ = {
			isa = PBXResourcesBuildPhase;
			buildActionMask = 2147483647;
			files = (
				44C0D91F1DFAB6C300E3D413 /* LaunchScreen.storyboard in Resources */,
				449917A01DFAFB800099800E /* MainScreenHeaderXib.xib in Resources */,
				44E28D7D1DFEB7B10033514F /* SettingsMainScreenHeader.xib in Resources */,
				44C0D91C1DFAB6C300E3D413 /* Assets.xcassets in Resources */,
				44C0D91A1DFAB6C300E3D413 /* Main.storyboard in Resources */,
			);
			runOnlyForDeploymentPostprocessing = 0;
		};
/* End PBXResourcesBuildPhase section */

/* Begin PBXShellScriptBuildPhase section */
		075E1B81EC631996F7816A4F /* [CP] Check Pods Manifest.lock */ = {
			isa = PBXShellScriptBuildPhase;
			buildActionMask = 2147483647;
			files = (
			);
			inputPaths = (
			);
			name = "[CP] Check Pods Manifest.lock";
			outputPaths = (
			);
			runOnlyForDeploymentPostprocessing = 0;
			shellPath = /bin/sh;
			shellScript = "diff \"${PODS_ROOT}/../Podfile.lock\" \"${PODS_ROOT}/Manifest.lock\" > /dev/null\nif [ $? != 0 ] ; then\n    # print error to STDERR\n    echo \"error: The sandbox is not in sync with the Podfile.lock. Run 'pod install' or update your CocoaPods installation.\" >&2\n    exit 1\nfi\n";
			showEnvVarsInLog = 0;
		};
		2BFD159B8C97AD7B59E9A4CD /* [CP] Copy Pods Resources */ = {
			isa = PBXShellScriptBuildPhase;
			buildActionMask = 2147483647;
			files = (
			);
			inputPaths = (
			);
			name = "[CP] Copy Pods Resources";
			outputPaths = (
			);
			runOnlyForDeploymentPostprocessing = 0;
			shellPath = /bin/sh;
			shellScript = "\"${SRCROOT}/Pods/Target Support Files/Pods-Pequlium/Pods-Pequlium-resources.sh\"\n";
			showEnvVarsInLog = 0;
		};
		612939E7DDE050B3067E56DE /* [CP] Embed Pods Frameworks */ = {
			isa = PBXShellScriptBuildPhase;
			buildActionMask = 2147483647;
			files = (
			);
			inputPaths = (
			);
			name = "[CP] Embed Pods Frameworks";
			outputPaths = (
			);
			runOnlyForDeploymentPostprocessing = 0;
			shellPath = /bin/sh;
			shellScript = "\"${SRCROOT}/Pods/Target Support Files/Pods-Pequlium/Pods-Pequlium-frameworks.sh\"\n";
			showEnvVarsInLog = 0;
		};
/* End PBXShellScriptBuildPhase section */

/* Begin PBXSourcesBuildPhase section */
		44C0D9081DFAB6C300E3D413 /* Sources */ = {
			isa = PBXSourcesBuildPhase;
			buildActionMask = 2147483647;
			files = (
				44E28D7B1DFEB7A80033514F /* SettingsMainScreenHeaderView.m in Sources */,
				130E613F1E1E757A00F333B4 /* SettingsDayBalanceTableViewController.m in Sources */,
				44C921341E014B2300F3D004 /* SettingsMainScreenTableViewController.m in Sources */,
				13FE06A51E25150200E9C313 /* FirstViewController.m in Sources */,
				13C35BAF1E0C0A5E00DD497B /* SettingsMainScreenTableViewCell.m in Sources */,
				13086D491E28D9B60006A6DC /* MoneyBoxHistoryTableViewController.m in Sources */,
				44C0D9141DFAB6C300E3D413 /* AppDelegate.m in Sources */,
				130E61421E1E759B00F333B4 /* SettingsMonthBalanceTableViewController.m in Sources */,
				13FE06A81E25154D00E9C313 /* NavigationViewController.m in Sources */,
				44C921421E0164DB00F3D004 /* NegativeBalanceViewController.m in Sources */,
				4499179E1DFAFAF90099800E /* MainScreenHeaderView.m in Sources */,
				130E61451E1E75F800F333B4 /* ResolutionTableViewController.m in Sources */,
				44C9213F1E0164AC00F3D004 /* MonthEndViewController.m in Sources */,
				137964B51E093DA10042BF27 /* Manager.m in Sources */,
				137964BB1E095A4B0042BF27 /* CalculationViewController.m in Sources */,
				44C9213C1E01648800F3D004 /* DayEndViewController.m in Sources */,
				13086D4D1E28FD840006A6DC /* MoneyBoxHistoryTableViewCell.m in Sources */,
				44C921451E0170B300F3D004 /* MonthDebitViewController.m in Sources */,
				13C35BB21E0C189100DD497B /* MainScreenTableViewCell.m in Sources */,
				44C921311E0149FA00F3D004 /* MainScreenTableViewController.m in Sources */,
				44C0D9111DFAB6C300E3D413 /* main.m in Sources */,
			);
			runOnlyForDeploymentPostprocessing = 0;
		};
/* End PBXSourcesBuildPhase section */

/* Begin PBXVariantGroup section */
		44C0D9181DFAB6C300E3D413 /* Main.storyboard */ = {
			isa = PBXVariantGroup;
			children = (
				44C0D9191DFAB6C300E3D413 /* Base */,
			);
			name = Main.storyboard;
			sourceTree = "<group>";
		};
		44C0D91D1DFAB6C300E3D413 /* LaunchScreen.storyboard */ = {
			isa = PBXVariantGroup;
			children = (
				44C0D91E1DFAB6C300E3D413 /* Base */,
			);
			name = LaunchScreen.storyboard;
			sourceTree = "<group>";
		};
/* End PBXVariantGroup section */

/* Begin XCBuildConfiguration section */
		44C0D9211DFAB6C300E3D413 /* Debug */ = {
			isa = XCBuildConfiguration;
			buildSettings = {
				ALWAYS_SEARCH_USER_PATHS = NO;
				CLANG_ANALYZER_NONNULL = YES;
				CLANG_CXX_LANGUAGE_STANDARD = "gnu++0x";
				CLANG_CXX_LIBRARY = "libc++";
				CLANG_ENABLE_MODULES = YES;
				CLANG_ENABLE_OBJC_ARC = YES;
				CLANG_WARN_BOOL_CONVERSION = YES;
				CLANG_WARN_CONSTANT_CONVERSION = YES;
				CLANG_WARN_DIRECT_OBJC_ISA_USAGE = YES_ERROR;
				CLANG_WARN_DOCUMENTATION_COMMENTS = YES;
				CLANG_WARN_EMPTY_BODY = YES;
				CLANG_WARN_ENUM_CONVERSION = YES;
				CLANG_WARN_INFINITE_RECURSION = YES;
				CLANG_WARN_INT_CONVERSION = YES;
				CLANG_WARN_OBJC_ROOT_CLASS = YES_ERROR;
				CLANG_WARN_SUSPICIOUS_MOVES = YES;
				CLANG_WARN_UNREACHABLE_CODE = YES;
				CLANG_WARN__DUPLICATE_METHOD_MATCH = YES;
				"CODE_SIGN_IDENTITY[sdk=iphoneos*]" = "iPhone Developer";
				COPY_PHASE_STRIP = NO;
				DEBUG_INFORMATION_FORMAT = dwarf;
				ENABLE_STRICT_OBJC_MSGSEND = YES;
				ENABLE_TESTABILITY = YES;
				GCC_C_LANGUAGE_STANDARD = gnu99;
				GCC_DYNAMIC_NO_PIC = NO;
				GCC_NO_COMMON_BLOCKS = YES;
				GCC_OPTIMIZATION_LEVEL = 0;
				GCC_PREPROCESSOR_DEFINITIONS = (
					"DEBUG=1",
					"$(inherited)",
				);
				GCC_WARN_64_TO_32_BIT_CONVERSION = YES;
				GCC_WARN_ABOUT_RETURN_TYPE = YES_ERROR;
				GCC_WARN_UNDECLARED_SELECTOR = YES;
				GCC_WARN_UNINITIALIZED_AUTOS = YES_AGGRESSIVE;
				GCC_WARN_UNUSED_FUNCTION = YES;
				GCC_WARN_UNUSED_VARIABLE = YES;
				IPHONEOS_DEPLOYMENT_TARGET = 10.1;
				MTL_ENABLE_DEBUG_INFO = YES;
				ONLY_ACTIVE_ARCH = YES;
				SDKROOT = iphoneos;
			};
			name = Debug;
		};
		44C0D9221DFAB6C300E3D413 /* Release */ = {
			isa = XCBuildConfiguration;
			buildSettings = {
				ALWAYS_SEARCH_USER_PATHS = NO;
				CLANG_ANALYZER_NONNULL = YES;
				CLANG_CXX_LANGUAGE_STANDARD = "gnu++0x";
				CLANG_CXX_LIBRARY = "libc++";
				CLANG_ENABLE_MODULES = YES;
				CLANG_ENABLE_OBJC_ARC = YES;
				CLANG_WARN_BOOL_CONVERSION = YES;
				CLANG_WARN_CONSTANT_CONVERSION = YES;
				CLANG_WARN_DIRECT_OBJC_ISA_USAGE = YES_ERROR;
				CLANG_WARN_DOCUMENTATION_COMMENTS = YES;
				CLANG_WARN_EMPTY_BODY = YES;
				CLANG_WARN_ENUM_CONVERSION = YES;
				CLANG_WARN_INFINITE_RECURSION = YES;
				CLANG_WARN_INT_CONVERSION = YES;
				CLANG_WARN_OBJC_ROOT_CLASS = YES_ERROR;
				CLANG_WARN_SUSPICIOUS_MOVES = YES;
				CLANG_WARN_UNREACHABLE_CODE = YES;
				CLANG_WARN__DUPLICATE_METHOD_MATCH = YES;
				"CODE_SIGN_IDENTITY[sdk=iphoneos*]" = "iPhone Developer";
				COPY_PHASE_STRIP = NO;
				DEBUG_INFORMATION_FORMAT = "dwarf-with-dsym";
				ENABLE_NS_ASSERTIONS = NO;
				ENABLE_STRICT_OBJC_MSGSEND = YES;
				GCC_C_LANGUAGE_STANDARD = gnu99;
				GCC_NO_COMMON_BLOCKS = YES;
				GCC_WARN_64_TO_32_BIT_CONVERSION = YES;
				GCC_WARN_ABOUT_RETURN_TYPE = YES_ERROR;
				GCC_WARN_UNDECLARED_SELECTOR = YES;
				GCC_WARN_UNINITIALIZED_AUTOS = YES_AGGRESSIVE;
				GCC_WARN_UNUSED_FUNCTION = YES;
				GCC_WARN_UNUSED_VARIABLE = YES;
				IPHONEOS_DEPLOYMENT_TARGET = 10.1;
				MTL_ENABLE_DEBUG_INFO = NO;
				SDKROOT = iphoneos;
				VALIDATE_PRODUCT = YES;
			};
			name = Release;
		};
		44C0D9241DFAB6C300E3D413 /* Debug */ = {
			isa = XCBuildConfiguration;
			baseConfigurationReference = 1ECEE08ADD40ADA3010F9681 /* Pods-Pequlium.debug.xcconfig */;
			buildSettings = {
				ASSETCATALOG_COMPILER_APPICON_NAME = AppIcon;
				INFOPLIST_FILE = Pequlium/Info.plist;
				LD_RUNPATH_SEARCH_PATHS = "$(inherited) @executable_path/Frameworks";
				PRODUCT_BUNDLE_IDENTIFIER = LuftDigital.Pequlium;
				PRODUCT_NAME = "$(TARGET_NAME)";
			};
			name = Debug;
		};
		44C0D9251DFAB6C300E3D413 /* Release */ = {
			isa = XCBuildConfiguration;
			baseConfigurationReference = E4A495592FC6E427F574DC8C /* Pods-Pequlium.release.xcconfig */;
			buildSettings = {
				ASSETCATALOG_COMPILER_APPICON_NAME = AppIcon;
				INFOPLIST_FILE = Pequlium/Info.plist;
				LD_RUNPATH_SEARCH_PATHS = "$(inherited) @executable_path/Frameworks";
				PRODUCT_BUNDLE_IDENTIFIER = LuftDigital.Pequlium;
				PRODUCT_NAME = "$(TARGET_NAME)";
			};
			name = Release;
		};
/* End XCBuildConfiguration section */

/* Begin XCConfigurationList section */
		44C0D9071DFAB6C300E3D413 /* Build configuration list for PBXProject "Pequlium" */ = {
			isa = XCConfigurationList;
			buildConfigurations = (
				44C0D9211DFAB6C300E3D413 /* Debug */,
				44C0D9221DFAB6C300E3D413 /* Release */,
			);
			defaultConfigurationIsVisible = 0;
			defaultConfigurationName = Release;
		};
		44C0D9231DFAB6C300E3D413 /* Build configuration list for PBXNativeTarget "Pequlium" */ = {
			isa = XCConfigurationList;
			buildConfigurations = (
				44C0D9241DFAB6C300E3D413 /* Debug */,
				44C0D9251DFAB6C300E3D413 /* Release */,
			);
			defaultConfigurationIsVisible = 0;
			defaultConfigurationName = Release;
		};
/* End XCConfigurationList section */
	};
	rootObject = 44C0D9041DFAB6C300E3D413 /* Project object */;
}
